// !$*UTF8*$!
{
	archiveVersion = 1;
	classes = {
	};
	objectVersion = 46;
	objects = {

/* Begin PBXBuildFile section */
		810022721924E01C0025273D /* RCApplicationPreferences.m in Sources */ = {isa = PBXBuildFile; fileRef = 810022711924E01C0025273D /* RCApplicationPreferences.m */; };
		810022771924E09A0025273D /* RCPreferences.m in Sources */ = {isa = PBXBuildFile; fileRef = 810022761924E09A0025273D /* RCPreferences.m */; };
		8100227C1924EF680025273D /* RCPreferencesWindowController.m in Sources */ = {isa = PBXBuildFile; fileRef = 8100227B1924EF680025273D /* RCPreferencesWindowController.m */; };
		810022811924EF6F0025273D /* RCPrefsBaseViewController.m in Sources */ = {isa = PBXBuildFile; fileRef = 8100227E1924EF6F0025273D /* RCPrefsBaseViewController.m */; };
		810022821924EF6F0025273D /* RCPrefsGeneralViewController.m in Sources */ = {isa = PBXBuildFile; fileRef = 810022801924EF6F0025273D /* RCPrefsGeneralViewController.m */; };
		810022841924EF9D0025273D /* Preferences.xib in Resources */ = {isa = PBXBuildFile; fileRef = 810022831924EF9D0025273D /* Preferences.xib */; };
		810022861924EFA50025273D /* PreferencesGeneral.xib in Resources */ = {isa = PBXBuildFile; fileRef = 810022851924EFA50025273D /* PreferencesGeneral.xib */; };
		8100228C1924F77F0025273D /* RCToolbar.m in Sources */ = {isa = PBXBuildFile; fileRef = 8100228B1924F77F0025273D /* RCToolbar.m */; };
		8100229519255FC60025273D /* RCLoginItemManager.m in Sources */ = {isa = PBXBuildFile; fileRef = 8100229419255FC60025273D /* RCLoginItemManager.m */; };
		812687A419202666002A0571 /* Cocoa.framework in Frameworks */ = {isa = PBXBuildFile; fileRef = 812687A319202666002A0571 /* Cocoa.framework */; };
		812687B019202666002A0571 /* main.m in Sources */ = {isa = PBXBuildFile; fileRef = 812687AF19202666002A0571 /* main.m */; };
		812687B719202666002A0571 /* RCAppDelegate.m in Sources */ = {isa = PBXBuildFile; fileRef = 812687B619202666002A0571 /* RCAppDelegate.m */; };
		812687BC19202666002A0571 /* Images.xcassets in Resources */ = {isa = PBXBuildFile; fileRef = 812687BB19202666002A0571 /* Images.xcassets */; };
		812687C319202666002A0571 /* XCTest.framework in Frameworks */ = {isa = PBXBuildFile; fileRef = 812687C219202666002A0571 /* XCTest.framework */; };
		812687C419202666002A0571 /* Cocoa.framework in Frameworks */ = {isa = PBXBuildFile; fileRef = 812687A319202666002A0571 /* Cocoa.framework */; };
		812687CC19202666002A0571 /* InfoPlist.strings in Resources */ = {isa = PBXBuildFile; fileRef = 812687CA19202666002A0571 /* InfoPlist.strings */; };
		812687CE19202666002A0571 /* I2PRemoteControlTests.m in Sources */ = {isa = PBXBuildFile; fileRef = 812687CD19202666002A0571 /* I2PRemoteControlTests.m */; };
		812687DA19202851002A0571 /* MainMenu.xib in Resources */ = {isa = PBXBuildFile; fileRef = 812687DC19202851002A0571 /* MainMenu.xib */; };
		812687E11920287B002A0571 /* Credits.rtf in Resources */ = {isa = PBXBuildFile; fileRef = 812687E31920287B002A0571 /* Credits.rtf */; };
		812687E41920287F002A0571 /* InfoPlist.strings in Resources */ = {isa = PBXBuildFile; fileRef = 812687E61920287F002A0571 /* InfoPlist.strings */; };
		814F92F81926ADF100635B1C /* RCMainBackgroundView.m in Sources */ = {isa = PBXBuildFile; fileRef = 814F92F71926ADF100635B1C /* RCMainBackgroundView.m */; };
		814F92FB1926B5EE00635B1C /* RCContentView.m in Sources */ = {isa = PBXBuildFile; fileRef = 814F92FA1926B5EE00635B1C /* RCContentView.m */; };
		81581AC619263B6300289DD5 /* NetworkStatus.xib in Resources */ = {isa = PBXBuildFile; fileRef = 81581AC519263B6300289DD5 /* NetworkStatus.xib */; };
		81581ACA19263E1900289DD5 /* RCNetworkStatusViewController.m in Sources */ = {isa = PBXBuildFile; fileRef = 81581AC919263E1900289DD5 /* RCNetworkStatusViewController.m */; };
		81581AD0192645C200289DD5 /* RCViewController.m in Sources */ = {isa = PBXBuildFile; fileRef = 81581ACF192645C200289DD5 /* RCViewController.m */; };
		815AAE5E1928D6060057C123 /* RCAttachedWindow.m in Sources */ = {isa = PBXBuildFile; fileRef = 815AAE5D1928D6060057C123 /* RCAttachedWindow.m */; };
		815AAE621928F2EA0057C123 /* RCMainWindowController.m in Sources */ = {isa = PBXBuildFile; fileRef = 815AAE611928F2EA0057C123 /* RCMainWindowController.m */; };
		815AAE661928F8720057C123 /* MainView.xib in Resources */ = {isa = PBXBuildFile; fileRef = 815AAE651928F8720057C123 /* MainView.xib */; };
		815AAE691928F88B0057C123 /* RCMainViewController.m in Sources */ = {isa = PBXBuildFile; fileRef = 815AAE681928F88B0057C123 /* RCMainViewController.m */; };
		815AAE6B1928FC960057C123 /* CongestionStatus.xib in Resources */ = {isa = PBXBuildFile; fileRef = 815AAE6A1928FC960057C123 /* CongestionStatus.xib */; };
		815AAE6E1929020A0057C123 /* RCContextSwitchButtonCell.m in Sources */ = {isa = PBXBuildFile; fileRef = 815AAE6D1929020A0057C123 /* RCContextSwitchButtonCell.m */; };
		815BDA3B19261E6600E518E9 /* RCStatusBarView.m in Sources */ = {isa = PBXBuildFile; fileRef = 815BDA3A19261E6600E518E9 /* RCStatusBarView.m */; };
		815BDA441926278600E518E9 /* RCArrowPanel.m in Sources */ = {isa = PBXBuildFile; fileRef = 815BDA411926278600E518E9 /* RCArrowPanel.m */; };
		815BDA451926278600E518E9 /* RCArrowAnimation.m in Sources */ = {isa = PBXBuildFile; fileRef = 815BDA431926278600E518E9 /* RCArrowAnimation.m */; };
		8194CC011921518200759F92 /* RCJsonRpcClient.m in Sources */ = {isa = PBXBuildFile; fileRef = 8194CC001921518200759F92 /* RCJsonRpcClient.m */; };
		8194CC071921715B00759F92 /* RCLogFormatter.m in Sources */ = {isa = PBXBuildFile; fileRef = 8194CC061921715B00759F92 /* RCLogFormatter.m */; };
		8194CC1819217F1900759F92 /* RCTask.m in Sources */ = {isa = PBXBuildFile; fileRef = 8194CC1719217F1900759F92 /* RCTask.m */; };
		8194CC1B1921825C00759F92 /* RCRouterInfoTask.m in Sources */ = {isa = PBXBuildFile; fileRef = 8194CC1A1921825C00759F92 /* RCRouterInfoTask.m */; };
		8194CC1E1922085300759F92 /* RCRouterTaskManager.m in Sources */ = {isa = PBXBuildFile; fileRef = 8194CC1D1922085300759F92 /* RCRouterTaskManager.m */; };
		8194CC231922108F00759F92 /* RCRouterEchoTask.m in Sources */ = {isa = PBXBuildFile; fileRef = 8194CC221922108F00759F92 /* RCRouterEchoTask.m */; };
		8194CC26192256FB00759F92 /* RCRouterInfo.m in Sources */ = {isa = PBXBuildFile; fileRef = 8194CC25192256FB00759F92 /* RCRouterInfo.m */; };
		81BBC38C1928A54A00752016 /* RCBorderlessPanel.m in Sources */ = {isa = PBXBuildFile; fileRef = 81BBC38B1928A54A00752016 /* RCBorderlessPanel.m */; };
		81BBC3911928B68900752016 /* RCAttachedWindowController.m in Sources */ = {isa = PBXBuildFile; fileRef = 81BBC3901928B68900752016 /* RCAttachedWindowController.m */; };
		81BBC3941928BCDD00752016 /* RCAttachedPanelBackgroundView.m in Sources */ = {isa = PBXBuildFile; fileRef = 81BBC3931928BCDD00752016 /* RCAttachedPanelBackgroundView.m */; };
		81CD62E31920FB22005A82A4 /* RCRouter.m in Sources */ = {isa = PBXBuildFile; fileRef = 81CD62E21920FB22005A82A4 /* RCRouter.m */; };
		81CD62E61920FB2F005A82A4 /* RCRouterManager.m in Sources */ = {isa = PBXBuildFile; fileRef = 81CD62E51920FB2F005A82A4 /* RCRouterManager.m */; };
		81CD62EA1920FB57005A82A4 /* RCSessionConfig.m in Sources */ = {isa = PBXBuildFile; fileRef = 81CD62E91920FB57005A82A4 /* RCSessionConfig.m */; };
		81CD62F01921093C005A82A4 /* RCRouterProxy.m in Sources */ = {isa = PBXBuildFile; fileRef = 81CD62EF1921093C005A82A4 /* RCRouterProxy.m */; };
		81E99BBB1924059B00D7B1B0 /* RCRouterOverviewViewControllerTest.m in Sources */ = {isa = PBXBuildFile; fileRef = 81E99BBA1924059B00D7B1B0 /* RCRouterOverviewViewControllerTest.m */; };
		81EC347F1922B4040011D2D8 /* Localizable.strings in Resources */ = {isa = PBXBuildFile; fileRef = 81EC34811922B4040011D2D8 /* Localizable.strings */; };
		81FFF3E21927FB4200D18156 /* RCGraphTextField.m in Sources */ = {isa = PBXBuildFile; fileRef = 81FFF3E11927FB4200D18156 /* RCGraphTextField.m */; };
		A8D6809BEF0648D9A70F6BD2 /* libPods.a in Frameworks */ = {isa = PBXBuildFile; fileRef = 7E4CED1204DC40EC8CB7F0DA /* libPods.a */; };
/* End PBXBuildFile section */

/* Begin PBXContainerItemProxy section */
		812687C519202666002A0571 /* PBXContainerItemProxy */ = {
			isa = PBXContainerItemProxy;
			containerPortal = 8126879819202666002A0571 /* Project object */;
			proxyType = 1;
			remoteGlobalIDString = 8126879F19202666002A0571;
			remoteInfo = I2PRemoteControl;
		};
/* End PBXContainerItemProxy section */

/* Begin PBXFileReference section */
		7E4CED1204DC40EC8CB7F0DA /* libPods.a */ = {isa = PBXFileReference; explicitFileType = archive.ar; includeInIndex = 0; path = libPods.a; sourceTree = BUILT_PRODUCTS_DIR; };
		7E66771DF77A44D9B85C57C5 /* Pods.xcconfig */ = {isa = PBXFileReference; includeInIndex = 1; lastKnownFileType = text.xcconfig; name = Pods.xcconfig; path = Pods/Pods.xcconfig; sourceTree = "<group>"; };
		810022701924E01C0025273D /* RCApplicationPreferences.h */ = {isa = PBXFileReference; fileEncoding = 4; lastKnownFileType = sourcecode.c.h; path = RCApplicationPreferences.h; sourceTree = "<group>"; };
		810022711924E01C0025273D /* RCApplicationPreferences.m */ = {isa = PBXFileReference; fileEncoding = 4; lastKnownFileType = sourcecode.c.objc; path = RCApplicationPreferences.m; sourceTree = "<group>"; };
		810022751924E09A0025273D /* RCPreferences.h */ = {isa = PBXFileReference; fileEncoding = 4; lastKnownFileType = sourcecode.c.h; path = RCPreferences.h; sourceTree = "<group>"; };
		810022761924E09A0025273D /* RCPreferences.m */ = {isa = PBXFileReference; fileEncoding = 4; lastKnownFileType = sourcecode.c.objc; path = RCPreferences.m; sourceTree = "<group>"; };
		8100227A1924EF680025273D /* RCPreferencesWindowController.h */ = {isa = PBXFileReference; fileEncoding = 4; lastKnownFileType = sourcecode.c.h; path = RCPreferencesWindowController.h; sourceTree = "<group>"; };
		8100227B1924EF680025273D /* RCPreferencesWindowController.m */ = {isa = PBXFileReference; fileEncoding = 4; lastKnownFileType = sourcecode.c.objc; path = RCPreferencesWindowController.m; sourceTree = "<group>"; };
		8100227D1924EF6F0025273D /* RCPrefsBaseViewController.h */ = {isa = PBXFileReference; fileEncoding = 4; lastKnownFileType = sourcecode.c.h; path = RCPrefsBaseViewController.h; sourceTree = "<group>"; };
		8100227E1924EF6F0025273D /* RCPrefsBaseViewController.m */ = {isa = PBXFileReference; fileEncoding = 4; lastKnownFileType = sourcecode.c.objc; path = RCPrefsBaseViewController.m; sourceTree = "<group>"; };
		8100227F1924EF6F0025273D /* RCPrefsGeneralViewController.h */ = {isa = PBXFileReference; fileEncoding = 4; lastKnownFileType = sourcecode.c.h; path = RCPrefsGeneralViewController.h; sourceTree = "<group>"; };
		810022801924EF6F0025273D /* RCPrefsGeneralViewController.m */ = {isa = PBXFileReference; fileEncoding = 4; lastKnownFileType = sourcecode.c.objc; path = RCPrefsGeneralViewController.m; sourceTree = "<group>"; };
		810022831924EF9D0025273D /* Preferences.xib */ = {isa = PBXFileReference; fileEncoding = 4; lastKnownFileType = file.xib; path = Preferences.xib; sourceTree = "<group>"; };
		810022851924EFA50025273D /* PreferencesGeneral.xib */ = {isa = PBXFileReference; fileEncoding = 4; lastKnownFileType = file.xib; path = PreferencesGeneral.xib; sourceTree = "<group>"; };
		8100228A1924F77F0025273D /* RCToolbar.h */ = {isa = PBXFileReference; fileEncoding = 4; lastKnownFileType = sourcecode.c.h; path = RCToolbar.h; sourceTree = "<group>"; };
		8100228B1924F77F0025273D /* RCToolbar.m */ = {isa = PBXFileReference; fileEncoding = 4; lastKnownFileType = sourcecode.c.objc; path = RCToolbar.m; sourceTree = "<group>"; };
		8100229319255FC60025273D /* RCLoginItemManager.h */ = {isa = PBXFileReference; fileEncoding = 4; lastKnownFileType = sourcecode.c.h; path = RCLoginItemManager.h; sourceTree = "<group>"; };
		8100229419255FC60025273D /* RCLoginItemManager.m */ = {isa = PBXFileReference; fileEncoding = 4; lastKnownFileType = sourcecode.c.objc; path = RCLoginItemManager.m; sourceTree = "<group>"; };
		812687A019202666002A0571 /* I2PRemoteControl.app */ = {isa = PBXFileReference; explicitFileType = wrapper.application; includeInIndex = 0; path = I2PRemoteControl.app; sourceTree = BUILT_PRODUCTS_DIR; };
		812687A319202666002A0571 /* Cocoa.framework */ = {isa = PBXFileReference; lastKnownFileType = wrapper.framework; name = Cocoa.framework; path = System/Library/Frameworks/Cocoa.framework; sourceTree = SDKROOT; };
		812687A619202666002A0571 /* AppKit.framework */ = {isa = PBXFileReference; lastKnownFileType = wrapper.framework; name = AppKit.framework; path = System/Library/Frameworks/AppKit.framework; sourceTree = SDKROOT; };
		812687A719202666002A0571 /* CoreData.framework */ = {isa = PBXFileReference; lastKnownFileType = wrapper.framework; name = CoreData.framework; path = System/Library/Frameworks/CoreData.framework; sourceTree = SDKROOT; };
		812687A819202666002A0571 /* Foundation.framework */ = {isa = PBXFileReference; lastKnownFileType = wrapper.framework; name = Foundation.framework; path = System/Library/Frameworks/Foundation.framework; sourceTree = SDKROOT; };
		812687AB19202666002A0571 /* I2PRemoteControl-Info.plist */ = {isa = PBXFileReference; lastKnownFileType = text.plist.xml; path = "I2PRemoteControl-Info.plist"; sourceTree = "<group>"; };
		812687AF19202666002A0571 /* main.m */ = {isa = PBXFileReference; lastKnownFileType = sourcecode.c.objc; path = main.m; sourceTree = "<group>"; };
		812687B119202666002A0571 /* I2PRemoteControl-Prefix.pch */ = {isa = PBXFileReference; lastKnownFileType = sourcecode.c.h; path = "I2PRemoteControl-Prefix.pch"; sourceTree = "<group>"; };
		812687B519202666002A0571 /* RCAppDelegate.h */ = {isa = PBXFileReference; lastKnownFileType = sourcecode.c.h; path = RCAppDelegate.h; sourceTree = "<group>"; };
		812687B619202666002A0571 /* RCAppDelegate.m */ = {isa = PBXFileReference; lastKnownFileType = sourcecode.c.objc; path = RCAppDelegate.m; sourceTree = "<group>"; };
		812687BB19202666002A0571 /* Images.xcassets */ = {isa = PBXFileReference; lastKnownFileType = folder.assetcatalog; path = Images.xcassets; sourceTree = "<group>"; };
		812687C119202666002A0571 /* I2PRemoteControlTests.xctest */ = {isa = PBXFileReference; explicitFileType = wrapper.cfbundle; includeInIndex = 0; path = I2PRemoteControlTests.xctest; sourceTree = BUILT_PRODUCTS_DIR; };
		812687C219202666002A0571 /* XCTest.framework */ = {isa = PBXFileReference; lastKnownFileType = wrapper.framework; name = XCTest.framework; path = Library/Frameworks/XCTest.framework; sourceTree = DEVELOPER_DIR; };
		812687C919202666002A0571 /* I2PRemoteControlTests-Info.plist */ = {isa = PBXFileReference; lastKnownFileType = text.plist.xml; path = "I2PRemoteControlTests-Info.plist"; sourceTree = "<group>"; };
		812687CB19202666002A0571 /* en */ = {isa = PBXFileReference; lastKnownFileType = text.plist.strings; name = en; path = en.lproj/InfoPlist.strings; sourceTree = "<group>"; };
		812687CD19202666002A0571 /* I2PRemoteControlTests.m */ = {isa = PBXFileReference; lastKnownFileType = sourcecode.c.objc; path = I2PRemoteControlTests.m; sourceTree = "<group>"; };
		812687DB19202851002A0571 /* Base */ = {isa = PBXFileReference; lastKnownFileType = file.xib; name = Base; path = Base.lproj/MainMenu.xib; sourceTree = "<group>"; };
		812687E21920287B002A0571 /* en */ = {isa = PBXFileReference; lastKnownFileType = text.rtf; name = en; path = en.lproj/Credits.rtf; sourceTree = "<group>"; };
		812687E51920287F002A0571 /* en */ = {isa = PBXFileReference; lastKnownFileType = text.plist.strings; name = en; path = en.lproj/InfoPlist.strings; sourceTree = "<group>"; };
		814F92F61926ADF100635B1C /* RCMainBackgroundView.h */ = {isa = PBXFileReference; fileEncoding = 4; lastKnownFileType = sourcecode.c.h; path = RCMainBackgroundView.h; sourceTree = "<group>"; };
		814F92F71926ADF100635B1C /* RCMainBackgroundView.m */ = {isa = PBXFileReference; fileEncoding = 4; lastKnownFileType = sourcecode.c.objc; path = RCMainBackgroundView.m; sourceTree = "<group>"; };
		814F92F91926B5EE00635B1C /* RCContentView.h */ = {isa = PBXFileReference; fileEncoding = 4; lastKnownFileType = sourcecode.c.h; path = RCContentView.h; sourceTree = "<group>"; };
		814F92FA1926B5EE00635B1C /* RCContentView.m */ = {isa = PBXFileReference; fileEncoding = 4; lastKnownFileType = sourcecode.c.objc; path = RCContentView.m; sourceTree = "<group>"; };
		81581AC519263B6300289DD5 /* NetworkStatus.xib */ = {isa = PBXFileReference; fileEncoding = 4; lastKnownFileType = file.xib; path = NetworkStatus.xib; sourceTree = "<group>"; };
		81581AC819263E1900289DD5 /* RCNetworkStatusViewController.h */ = {isa = PBXFileReference; fileEncoding = 4; lastKnownFileType = sourcecode.c.h; path = RCNetworkStatusViewController.h; sourceTree = "<group>"; };
		81581AC919263E1900289DD5 /* RCNetworkStatusViewController.m */ = {isa = PBXFileReference; fileEncoding = 4; lastKnownFileType = sourcecode.c.objc; path = RCNetworkStatusViewController.m; sourceTree = "<group>"; };
		81581ACE192645C200289DD5 /* RCViewController.h */ = {isa = PBXFileReference; fileEncoding = 4; lastKnownFileType = sourcecode.c.h; path = RCViewController.h; sourceTree = "<group>"; };
		81581ACF192645C200289DD5 /* RCViewController.m */ = {isa = PBXFileReference; fileEncoding = 4; lastKnownFileType = sourcecode.c.objc; path = RCViewController.m; sourceTree = "<group>"; };
		815AAE5C1928D6060057C123 /* RCAttachedWindow.h */ = {isa = PBXFileReference; fileEncoding = 4; lastKnownFileType = sourcecode.c.h; path = RCAttachedWindow.h; sourceTree = "<group>"; };
		815AAE5D1928D6060057C123 /* RCAttachedWindow.m */ = {isa = PBXFileReference; fileEncoding = 4; lastKnownFileType = sourcecode.c.objc; path = RCAttachedWindow.m; sourceTree = "<group>"; };
		815AAE601928F2EA0057C123 /* RCMainWindowController.h */ = {isa = PBXFileReference; fileEncoding = 4; lastKnownFileType = sourcecode.c.h; path = RCMainWindowController.h; sourceTree = "<group>"; };
		815AAE611928F2EA0057C123 /* RCMainWindowController.m */ = {isa = PBXFileReference; fileEncoding = 4; lastKnownFileType = sourcecode.c.objc; path = RCMainWindowController.m; sourceTree = "<group>"; };
		815AAE651928F8720057C123 /* MainView.xib */ = {isa = PBXFileReference; fileEncoding = 4; lastKnownFileType = file.xib; path = MainView.xib; sourceTree = "<group>"; };
		815AAE671928F88B0057C123 /* RCMainViewController.h */ = {isa = PBXFileReference; fileEncoding = 4; lastKnownFileType = sourcecode.c.h; path = RCMainViewController.h; sourceTree = "<group>"; };
		815AAE681928F88B0057C123 /* RCMainViewController.m */ = {isa = PBXFileReference; fileEncoding = 4; lastKnownFileType = sourcecode.c.objc; path = RCMainViewController.m; sourceTree = "<group>"; };
		815AAE6A1928FC960057C123 /* CongestionStatus.xib */ = {isa = PBXFileReference; fileEncoding = 4; lastKnownFileType = file.xib; path = CongestionStatus.xib; sourceTree = "<group>"; };
		815AAE6C1929020A0057C123 /* RCContextSwitchButtonCell.h */ = {isa = PBXFileReference; fileEncoding = 4; lastKnownFileType = sourcecode.c.h; path = RCContextSwitchButtonCell.h; sourceTree = "<group>"; };
		815AAE6D1929020A0057C123 /* RCContextSwitchButtonCell.m */ = {isa = PBXFileReference; fileEncoding = 4; lastKnownFileType = sourcecode.c.objc; path = RCContextSwitchButtonCell.m; sourceTree = "<group>"; };
		815BDA3919261E6600E518E9 /* RCStatusBarView.h */ = {isa = PBXFileReference; fileEncoding = 4; lastKnownFileType = sourcecode.c.h; path = RCStatusBarView.h; sourceTree = "<group>"; };
		815BDA3A19261E6600E518E9 /* RCStatusBarView.m */ = {isa = PBXFileReference; fileEncoding = 4; lastKnownFileType = sourcecode.c.objc; path = RCStatusBarView.m; sourceTree = "<group>"; };
		815BDA401926278600E518E9 /* RCArrowPanel.h */ = {isa = PBXFileReference; fileEncoding = 4; lastKnownFileType = sourcecode.c.h; path = RCArrowPanel.h; sourceTree = "<group>"; };
		815BDA411926278600E518E9 /* RCArrowPanel.m */ = {isa = PBXFileReference; fileEncoding = 4; lastKnownFileType = sourcecode.c.objc; path = RCArrowPanel.m; sourceTree = "<group>"; };
		815BDA421926278600E518E9 /* RCArrowAnimation.h */ = {isa = PBXFileReference; fileEncoding = 4; lastKnownFileType = sourcecode.c.h; path = RCArrowAnimation.h; sourceTree = "<group>"; };
		815BDA431926278600E518E9 /* RCArrowAnimation.m */ = {isa = PBXFileReference; fileEncoding = 4; lastKnownFileType = sourcecode.c.objc; path = RCArrowAnimation.m; sourceTree = "<group>"; };
		8194CBFF1921518200759F92 /* RCJsonRpcClient.h */ = {isa = PBXFileReference; fileEncoding = 4; lastKnownFileType = sourcecode.c.h; path = RCJsonRpcClient.h; sourceTree = "<group>"; };
		8194CC001921518200759F92 /* RCJsonRpcClient.m */ = {isa = PBXFileReference; fileEncoding = 4; lastKnownFileType = sourcecode.c.objc; path = RCJsonRpcClient.m; sourceTree = "<group>"; };
		8194CC051921715B00759F92 /* RCLogFormatter.h */ = {isa = PBXFileReference; fileEncoding = 4; lastKnownFileType = sourcecode.c.h; path = RCLogFormatter.h; sourceTree = "<group>"; };
		8194CC061921715B00759F92 /* RCLogFormatter.m */ = {isa = PBXFileReference; fileEncoding = 4; lastKnownFileType = sourcecode.c.objc; path = RCLogFormatter.m; sourceTree = "<group>"; };
		8194CC1619217F1900759F92 /* RCTask.h */ = {isa = PBXFileReference; fileEncoding = 4; lastKnownFileType = sourcecode.c.h; path = RCTask.h; sourceTree = "<group>"; };
		8194CC1719217F1900759F92 /* RCTask.m */ = {isa = PBXFileReference; fileEncoding = 4; lastKnownFileType = sourcecode.c.objc; path = RCTask.m; sourceTree = "<group>"; };
		8194CC191921825C00759F92 /* RCRouterInfoTask.h */ = {isa = PBXFileReference; fileEncoding = 4; lastKnownFileType = sourcecode.c.h; path = RCRouterInfoTask.h; sourceTree = "<group>"; };
		8194CC1A1921825C00759F92 /* RCRouterInfoTask.m */ = {isa = PBXFileReference; fileEncoding = 4; lastKnownFileType = sourcecode.c.objc; path = RCRouterInfoTask.m; sourceTree = "<group>"; };
		8194CC1C1922085300759F92 /* RCRouterTaskManager.h */ = {isa = PBXFileReference; fileEncoding = 4; lastKnownFileType = sourcecode.c.h; path = RCRouterTaskManager.h; sourceTree = "<group>"; };
		8194CC1D1922085300759F92 /* RCRouterTaskManager.m */ = {isa = PBXFileReference; fileEncoding = 4; lastKnownFileType = sourcecode.c.objc; path = RCRouterTaskManager.m; sourceTree = "<group>"; };
		8194CC1F19220DC600759F92 /* RCTaskPrivate.h */ = {isa = PBXFileReference; lastKnownFileType = sourcecode.c.h; path = RCTaskPrivate.h; sourceTree = "<group>"; };
		8194CC2019220FF500759F92 /* RCRouterTaskManagerPrivate.h */ = {isa = PBXFileReference; lastKnownFileType = sourcecode.c.h; path = RCRouterTaskManagerPrivate.h; sourceTree = "<group>"; };
		8194CC211922108F00759F92 /* RCRouterEchoTask.h */ = {isa = PBXFileReference; fileEncoding = 4; lastKnownFileType = sourcecode.c.h; path = RCRouterEchoTask.h; sourceTree = "<group>"; };
		8194CC221922108F00759F92 /* RCRouterEchoTask.m */ = {isa = PBXFileReference; fileEncoding = 4; lastKnownFileType = sourcecode.c.objc; path = RCRouterEchoTask.m; sourceTree = "<group>"; };
		8194CC24192256FB00759F92 /* RCRouterInfo.h */ = {isa = PBXFileReference; fileEncoding = 4; lastKnownFileType = sourcecode.c.h; path = RCRouterInfo.h; sourceTree = "<group>"; };
		8194CC25192256FB00759F92 /* RCRouterInfo.m */ = {isa = PBXFileReference; fileEncoding = 4; lastKnownFileType = sourcecode.c.objc; path = RCRouterInfo.m; sourceTree = "<group>"; };
		81BBC38A1928A54A00752016 /* RCBorderlessPanel.h */ = {isa = PBXFileReference; fileEncoding = 4; lastKnownFileType = sourcecode.c.h; path = RCBorderlessPanel.h; sourceTree = "<group>"; };
		81BBC38B1928A54A00752016 /* RCBorderlessPanel.m */ = {isa = PBXFileReference; fileEncoding = 4; lastKnownFileType = sourcecode.c.objc; path = RCBorderlessPanel.m; sourceTree = "<group>"; };
		81BBC38F1928B68900752016 /* RCAttachedWindowController.h */ = {isa = PBXFileReference; fileEncoding = 4; lastKnownFileType = sourcecode.c.h; path = RCAttachedWindowController.h; sourceTree = "<group>"; };
		81BBC3901928B68900752016 /* RCAttachedWindowController.m */ = {isa = PBXFileReference; fileEncoding = 4; lastKnownFileType = sourcecode.c.objc; path = RCAttachedWindowController.m; sourceTree = "<group>"; };
		81BBC3921928BCDD00752016 /* RCAttachedPanelBackgroundView.h */ = {isa = PBXFileReference; fileEncoding = 4; lastKnownFileType = sourcecode.c.h; path = RCAttachedPanelBackgroundView.h; sourceTree = "<group>"; };
		81BBC3931928BCDD00752016 /* RCAttachedPanelBackgroundView.m */ = {isa = PBXFileReference; fileEncoding = 4; lastKnownFileType = sourcecode.c.objc; path = RCAttachedPanelBackgroundView.m; sourceTree = "<group>"; };
		81CD62E11920FB22005A82A4 /* RCRouter.h */ = {isa = PBXFileReference; fileEncoding = 4; lastKnownFileType = sourcecode.c.h; path = RCRouter.h; sourceTree = "<group>"; };
		81CD62E21920FB22005A82A4 /* RCRouter.m */ = {isa = PBXFileReference; fileEncoding = 4; lastKnownFileType = sourcecode.c.objc; path = RCRouter.m; sourceTree = "<group>"; };
		81CD62E41920FB2F005A82A4 /* RCRouterManager.h */ = {isa = PBXFileReference; fileEncoding = 4; lastKnownFileType = sourcecode.c.h; path = RCRouterManager.h; sourceTree = "<group>"; };
		81CD62E51920FB2F005A82A4 /* RCRouterManager.m */ = {isa = PBXFileReference; fileEncoding = 4; lastKnownFileType = sourcecode.c.objc; path = RCRouterManager.m; sourceTree = "<group>"; };
		81CD62E81920FB57005A82A4 /* RCSessionConfig.h */ = {isa = PBXFileReference; fileEncoding = 4; lastKnownFileType = sourcecode.c.h; path = RCSessionConfig.h; sourceTree = "<group>"; };
		81CD62E91920FB57005A82A4 /* RCSessionConfig.m */ = {isa = PBXFileReference; fileEncoding = 4; lastKnownFileType = sourcecode.c.objc; path = RCSessionConfig.m; sourceTree = "<group>"; };
		81CD62EB19210156005A82A4 /* RCRouterApi.h */ = {isa = PBXFileReference; lastKnownFileType = sourcecode.c.h; path = RCRouterApi.h; sourceTree = "<group>"; };
		81CD62EE1921093C005A82A4 /* RCRouterProxy.h */ = {isa = PBXFileReference; fileEncoding = 4; lastKnownFileType = sourcecode.c.h; path = RCRouterProxy.h; sourceTree = "<group>"; };
		81CD62EF1921093C005A82A4 /* RCRouterProxy.m */ = {isa = PBXFileReference; fileEncoding = 4; lastKnownFileType = sourcecode.c.objc; path = RCRouterProxy.m; sourceTree = "<group>"; };
		81CD62F5192118BC005A82A4 /* RCLogging.h */ = {isa = PBXFileReference; lastKnownFileType = sourcecode.c.h; path = RCLogging.h; sourceTree = "<group>"; };
		81E99BBA1924059B00D7B1B0 /* RCRouterOverviewViewControllerTest.m */ = {isa = PBXFileReference; fileEncoding = 4; lastKnownFileType = sourcecode.c.objc; path = RCRouterOverviewViewControllerTest.m; sourceTree = "<group>"; };
		81EC34801922B4040011D2D8 /* en */ = {isa = PBXFileReference; lastKnownFileType = text.plist.strings; name = en; path = en.lproj/Localizable.strings; sourceTree = "<group>"; };
		81FFF3E01927FB4200D18156 /* RCGraphTextField.h */ = {isa = PBXFileReference; fileEncoding = 4; lastKnownFileType = sourcecode.c.h; path = RCGraphTextField.h; sourceTree = "<group>"; };
		81FFF3E11927FB4200D18156 /* RCGraphTextField.m */ = {isa = PBXFileReference; fileEncoding = 4; lastKnownFileType = sourcecode.c.objc; path = RCGraphTextField.m; sourceTree = "<group>"; };
/* End PBXFileReference section */

/* Begin PBXFrameworksBuildPhase section */
		8126879D19202666002A0571 /* Frameworks */ = {
			isa = PBXFrameworksBuildPhase;
			buildActionMask = 2147483647;
			files = (
				812687A419202666002A0571 /* Cocoa.framework in Frameworks */,
				A8D6809BEF0648D9A70F6BD2 /* libPods.a in Frameworks */,
			);
			runOnlyForDeploymentPostprocessing = 0;
		};
		812687BE19202666002A0571 /* Frameworks */ = {
			isa = PBXFrameworksBuildPhase;
			buildActionMask = 2147483647;
			files = (
				812687C419202666002A0571 /* Cocoa.framework in Frameworks */,
				812687C319202666002A0571 /* XCTest.framework in Frameworks */,
			);
			runOnlyForDeploymentPostprocessing = 0;
		};
/* End PBXFrameworksBuildPhase section */

/* Begin PBXGroup section */
		8100226A1924D0CD0025273D /* Preferences */ = {
			isa = PBXGroup;
			children = (
				810022751924E09A0025273D /* RCPreferences.h */,
				810022761924E09A0025273D /* RCPreferences.m */,
				810022701924E01C0025273D /* RCApplicationPreferences.h */,
				810022711924E01C0025273D /* RCApplicationPreferences.m */,
			);
			name = Preferences;
			sourceTree = "<group>";
		};
		810022781924EF140025273D /* Controller */ = {
			isa = PBXGroup;
			children = (
				81581AD719264EA200289DD5 /* Status Bar Menu */,
				815AAE601928F2EA0057C123 /* RCMainWindowController.h */,
				815AAE611928F2EA0057C123 /* RCMainWindowController.m */,
				815AAE671928F88B0057C123 /* RCMainViewController.h */,
				815AAE681928F88B0057C123 /* RCMainViewController.m */,
				81AA261C192940E300A0C1DD /* Widgets */,
				81581AD819264EB700289DD5 /* Preferences */,
			);
			name = Controller;
			sourceTree = "<group>";
		};
		810022891924F7680025273D /* Views */ = {
			isa = PBXGroup;
			children = (
				8100228A1924F77F0025273D /* RCToolbar.h */,
				8100228B1924F77F0025273D /* RCToolbar.m */,
				815BDA3919261E6600E518E9 /* RCStatusBarView.h */,
				815BDA3A19261E6600E518E9 /* RCStatusBarView.m */,
				814F92F61926ADF100635B1C /* RCMainBackgroundView.h */,
				814F92F71926ADF100635B1C /* RCMainBackgroundView.m */,
				814F92F91926B5EE00635B1C /* RCContentView.h */,
				814F92FA1926B5EE00635B1C /* RCContentView.m */,
				81FFF3E01927FB4200D18156 /* RCGraphTextField.h */,
				81FFF3E11927FB4200D18156 /* RCGraphTextField.m */,
				815AAE6C1929020A0057C123 /* RCContextSwitchButtonCell.h */,
				815AAE6D1929020A0057C123 /* RCContextSwitchButtonCell.m */,
			);
			name = Views;
			sourceTree = "<group>";
		};
		8100229219255FB50025273D /* Login Item */ = {
			isa = PBXGroup;
			children = (
				8100229319255FC60025273D /* RCLoginItemManager.h */,
				8100229419255FC60025273D /* RCLoginItemManager.m */,
			);
			name = "Login Item";
			sourceTree = "<group>";
		};
		8126879719202666002A0571 = {
			isa = PBXGroup;
			children = (
				812687A919202666002A0571 /* I2PRemoteControl */,
				812687C719202666002A0571 /* I2PRemoteControlTests */,
				812687A219202666002A0571 /* Frameworks */,
				812687A119202666002A0571 /* Products */,
				7E66771DF77A44D9B85C57C5 /* Pods.xcconfig */,
			);
			sourceTree = "<group>";
		};
		812687A119202666002A0571 /* Products */ = {
			isa = PBXGroup;
			children = (
				812687A019202666002A0571 /* I2PRemoteControl.app */,
				812687C119202666002A0571 /* I2PRemoteControlTests.xctest */,
			);
			name = Products;
			sourceTree = "<group>";
		};
		812687A219202666002A0571 /* Frameworks */ = {
			isa = PBXGroup;
			children = (
				812687A319202666002A0571 /* Cocoa.framework */,
				812687C219202666002A0571 /* XCTest.framework */,
				812687A519202666002A0571 /* Other Frameworks */,
				7E4CED1204DC40EC8CB7F0DA /* libPods.a */,
			);
			name = Frameworks;
			sourceTree = "<group>";
		};
		812687A519202666002A0571 /* Other Frameworks */ = {
			isa = PBXGroup;
			children = (
				812687A619202666002A0571 /* AppKit.framework */,
				812687A719202666002A0571 /* CoreData.framework */,
				812687A819202666002A0571 /* Foundation.framework */,
			);
			name = "Other Frameworks";
			sourceTree = "<group>";
		};
		812687A919202666002A0571 /* I2PRemoteControl */ = {
			isa = PBXGroup;
			children = (
				812687B519202666002A0571 /* RCAppDelegate.h */,
				812687B619202666002A0571 /* RCAppDelegate.m */,
				810022781924EF140025273D /* Controller */,
				81CD62E71920FB3A005A82A4 /* Model */,
				810022891924F7680025273D /* Views */,
				815AAE641928F4F90057C123 /* Differ */,
				812687AA19202666002A0571 /* Supporting Files */,
				812687D719202802002A0571 /* Resources */,
			);
			path = I2PRemoteControl;
			sourceTree = "<group>";
		};
		812687AA19202666002A0571 /* Supporting Files */ = {
			isa = PBXGroup;
			children = (
				812687AB19202666002A0571 /* I2PRemoteControl-Info.plist */,
				812687AF19202666002A0571 /* main.m */,
				812687B119202666002A0571 /* I2PRemoteControl-Prefix.pch */,
			);
			path = "Supporting Files";
			sourceTree = "<group>";
		};
		812687C719202666002A0571 /* I2PRemoteControlTests */ = {
			isa = PBXGroup;
			children = (
				812687CD19202666002A0571 /* I2PRemoteControlTests.m */,
				81E99BBA1924059B00D7B1B0 /* RCRouterOverviewViewControllerTest.m */,
				812687C819202666002A0571 /* Supporting Files */,
			);
			path = I2PRemoteControlTests;
			sourceTree = "<group>";
		};
		812687C819202666002A0571 /* Supporting Files */ = {
			isa = PBXGroup;
			children = (
				812687C919202666002A0571 /* I2PRemoteControlTests-Info.plist */,
				812687CA19202666002A0571 /* InfoPlist.strings */,
			);
			name = "Supporting Files";
			sourceTree = "<group>";
		};
		812687D719202802002A0571 /* Resources */ = {
			isa = PBXGroup;
			children = (
				812687DC19202851002A0571 /* MainMenu.xib */,
				815AAE651928F8720057C123 /* MainView.xib */,
				81581AC519263B6300289DD5 /* NetworkStatus.xib */,
				815AAE6A1928FC960057C123 /* CongestionStatus.xib */,
				81FFF3DF1927DE1800D18156 /* Preferences */,
				81EC34811922B4040011D2D8 /* Localizable.strings */,
				812687BB19202666002A0571 /* Images.xcassets */,
				812687E31920287B002A0571 /* Credits.rtf */,
				812687E61920287F002A0571 /* InfoPlist.strings */,
			);
			path = Resources;
			sourceTree = "<group>";
		};
		81498C0F19227EA8004CDA17 /* Router Tasks */ = {
			isa = PBXGroup;
			children = (
				8194CC1619217F1900759F92 /* RCTask.h */,
				8194CC1F19220DC600759F92 /* RCTaskPrivate.h */,
				8194CC1719217F1900759F92 /* RCTask.m */,
				8194CC211922108F00759F92 /* RCRouterEchoTask.h */,
				8194CC221922108F00759F92 /* RCRouterEchoTask.m */,
				8194CC191921825C00759F92 /* RCRouterInfoTask.h */,
				8194CC1A1921825C00759F92 /* RCRouterInfoTask.m */,
			);
			name = "Router Tasks";
			sourceTree = "<group>";
		};
		81581AD719264EA200289DD5 /* Status Bar Menu */ = {
			isa = PBXGroup;
			children = (
			);
			name = "Status Bar Menu";
			sourceTree = "<group>";
		};
		81581AD819264EB700289DD5 /* Preferences */ = {
			isa = PBXGroup;
			children = (
				8100227A1924EF680025273D /* RCPreferencesWindowController.h */,
				8100227B1924EF680025273D /* RCPreferencesWindowController.m */,
				8100227D1924EF6F0025273D /* RCPrefsBaseViewController.h */,
				8100227E1924EF6F0025273D /* RCPrefsBaseViewController.m */,
				8100227F1924EF6F0025273D /* RCPrefsGeneralViewController.h */,
				810022801924EF6F0025273D /* RCPrefsGeneralViewController.m */,
			);
			name = Preferences;
			sourceTree = "<group>";
		};
		815AAE631928F4E80057C123 /* Attached Window */ = {
			isa = PBXGroup;
			children = (
				81BBC38F1928B68900752016 /* RCAttachedWindowController.h */,
				81BBC3901928B68900752016 /* RCAttachedWindowController.m */,
				815AAE5C1928D6060057C123 /* RCAttachedWindow.h */,
				815AAE5D1928D6060057C123 /* RCAttachedWindow.m */,
				81BBC38A1928A54A00752016 /* RCBorderlessPanel.h */,
				81BBC38B1928A54A00752016 /* RCBorderlessPanel.m */,
				81BBC3921928BCDD00752016 /* RCAttachedPanelBackgroundView.h */,
				81BBC3931928BCDD00752016 /* RCAttachedPanelBackgroundView.m */,
			);
			name = "Attached Window";
			sourceTree = "<group>";
		};
		815AAE641928F4F90057C123 /* Differ */ = {
			isa = PBXGroup;
			children = (
				815AAE631928F4E80057C123 /* Attached Window */,
			);
			name = Differ;
			sourceTree = "<group>";
		};
		815BDA3F1926277500E518E9 /* Arrow Panel */ = {
			isa = PBXGroup;
			children = (
				815BDA401926278600E518E9 /* RCArrowPanel.h */,
				815BDA411926278600E518E9 /* RCArrowPanel.m */,
				815BDA421926278600E518E9 /* RCArrowAnimation.h */,
				815BDA431926278600E518E9 /* RCArrowAnimation.m */,
			);
			name = "Arrow Panel";
			sourceTree = "<group>";
		};
		8194CC041921714F00759F92 /* Logging */ = {
			isa = PBXGroup;
			children = (
				81CD62F5192118BC005A82A4 /* RCLogging.h */,
				8194CC051921715B00759F92 /* RCLogFormatter.h */,
				8194CC061921715B00759F92 /* RCLogFormatter.m */,
			);
			name = Logging;
			sourceTree = "<group>";
		};
		8194CC08192172D800759F92 /* RPC Client */ = {
			isa = PBXGroup;
			children = (
				81CD62EB19210156005A82A4 /* RCRouterApi.h */,
				81CD62EE1921093C005A82A4 /* RCRouterProxy.h */,
				81CD62EF1921093C005A82A4 /* RCRouterProxy.m */,
				8194CBFF1921518200759F92 /* RCJsonRpcClient.h */,
				8194CC001921518200759F92 /* RCJsonRpcClient.m */,
				8194CC24192256FB00759F92 /* RCRouterInfo.h */,
				8194CC25192256FB00759F92 /* RCRouterInfo.m */,
			);
			name = "RPC Client";
			sourceTree = "<group>";
		};
		81AA261C192940E300A0C1DD /* Widgets */ = {
			isa = PBXGroup;
			children = (
				81581ACE192645C200289DD5 /* RCViewController.h */,
				81581ACF192645C200289DD5 /* RCViewController.m */,
				81581AC819263E1900289DD5 /* RCNetworkStatusViewController.h */,
				81581AC919263E1900289DD5 /* RCNetworkStatusViewController.m */,
			);
			name = Widgets;
			sourceTree = "<group>";
		};
		81CD62E71920FB3A005A82A4 /* Model */ = {
			isa = PBXGroup;
			children = (
				81CD62E41920FB2F005A82A4 /* RCRouterManager.h */,
				81CD62E51920FB2F005A82A4 /* RCRouterManager.m */,
				81CD62E11920FB22005A82A4 /* RCRouter.h */,
				81CD62E21920FB22005A82A4 /* RCRouter.m */,
				81CD62E81920FB57005A82A4 /* RCSessionConfig.h */,
				81CD62E91920FB57005A82A4 /* RCSessionConfig.m */,
				8194CC1C1922085300759F92 /* RCRouterTaskManager.h */,
				8194CC2019220FF500759F92 /* RCRouterTaskManagerPrivate.h */,
				8194CC1D1922085300759F92 /* RCRouterTaskManager.m */,
				81498C0F19227EA8004CDA17 /* Router Tasks */,
				8194CC08192172D800759F92 /* RPC Client */,
				8100229219255FB50025273D /* Login Item */,
				815BDA3F1926277500E518E9 /* Arrow Panel */,
				8194CC041921714F00759F92 /* Logging */,
				8100226A1924D0CD0025273D /* Preferences */,
			);
			name = Model;
			sourceTree = "<group>";
		};
		81FFF3DF1927DE1800D18156 /* Preferences */ = {
			isa = PBXGroup;
			children = (
				810022831924EF9D0025273D /* Preferences.xib */,
				810022851924EFA50025273D /* PreferencesGeneral.xib */,
			);
			name = Preferences;
			sourceTree = "<group>";
		};
/* End PBXGroup section */

/* Begin PBXNativeTarget section */
		8126879F19202666002A0571 /* I2PRemoteControl */ = {
			isa = PBXNativeTarget;
			buildConfigurationList = 812687D119202666002A0571 /* Build configuration list for PBXNativeTarget "I2PRemoteControl" */;
			buildPhases = (
				0E65AECAB6C64D25B3D22EF0 /* Check Pods Manifest.lock */,
				8126879C19202666002A0571 /* Sources */,
				8126879D19202666002A0571 /* Frameworks */,
				8126879E19202666002A0571 /* Resources */,
				4BDB33488019418DBB56D9BA /* Copy Pods Resources */,
			);
			buildRules = (
			);
			dependencies = (
			);
			name = I2PRemoteControl;
			productName = I2PRemoteControl;
			productReference = 812687A019202666002A0571 /* I2PRemoteControl.app */;
			productType = "com.apple.product-type.application";
		};
		812687C019202666002A0571 /* I2PRemoteControlTests */ = {
			isa = PBXNativeTarget;
			buildConfigurationList = 812687D419202666002A0571 /* Build configuration list for PBXNativeTarget "I2PRemoteControlTests" */;
			buildPhases = (
				812687BD19202666002A0571 /* Sources */,
				812687BE19202666002A0571 /* Frameworks */,
				812687BF19202666002A0571 /* Resources */,
			);
			buildRules = (
			);
			dependencies = (
				812687C619202666002A0571 /* PBXTargetDependency */,
			);
			name = I2PRemoteControlTests;
			productName = I2PRemoteControlTests;
			productReference = 812687C119202666002A0571 /* I2PRemoteControlTests.xctest */;
			productType = "com.apple.product-type.bundle.unit-test";
		};
/* End PBXNativeTarget section */

/* Begin PBXProject section */
		8126879819202666002A0571 /* Project object */ = {
			isa = PBXProject;
			attributes = {
				CLASSPREFIX = RC;
				LastUpgradeCheck = 0510;
				ORGANIZATIONNAME = miximka;
				TargetAttributes = {
					812687C019202666002A0571 = {
						TestTargetID = 8126879F19202666002A0571;
					};
				};
			};
			buildConfigurationList = 8126879B19202666002A0571 /* Build configuration list for PBXProject "I2PRemoteControl" */;
			compatibilityVersion = "Xcode 3.2";
			developmentRegion = English;
			hasScannedForEncodings = 0;
			knownRegions = (
				en,
				Base,
			);
			mainGroup = 8126879719202666002A0571;
			productRefGroup = 812687A119202666002A0571 /* Products */;
			projectDirPath = "";
			projectRoot = "";
			targets = (
				8126879F19202666002A0571 /* I2PRemoteControl */,
				812687C019202666002A0571 /* I2PRemoteControlTests */,
			);
		};
/* End PBXProject section */

/* Begin PBXResourcesBuildPhase section */
		8126879E19202666002A0571 /* Resources */ = {
			isa = PBXResourcesBuildPhase;
			buildActionMask = 2147483647;
			files = (
				81EC347F1922B4040011D2D8 /* Localizable.strings in Resources */,
				812687BC19202666002A0571 /* Images.xcassets in Resources */,
				815AAE6B1928FC960057C123 /* CongestionStatus.xib in Resources */,
				812687E41920287F002A0571 /* InfoPlist.strings in Resources */,
				815AAE661928F8720057C123 /* MainView.xib in Resources */,
				81581AC619263B6300289DD5 /* NetworkStatus.xib in Resources */,
				810022861924EFA50025273D /* PreferencesGeneral.xib in Resources */,
				812687E11920287B002A0571 /* Credits.rtf in Resources */,
				810022841924EF9D0025273D /* Preferences.xib in Resources */,
				812687DA19202851002A0571 /* MainMenu.xib in Resources */,
			);
			runOnlyForDeploymentPostprocessing = 0;
		};
		812687BF19202666002A0571 /* Resources */ = {
			isa = PBXResourcesBuildPhase;
			buildActionMask = 2147483647;
			files = (
				812687CC19202666002A0571 /* InfoPlist.strings in Resources */,
			);
			runOnlyForDeploymentPostprocessing = 0;
		};
/* End PBXResourcesBuildPhase section */

/* Begin PBXShellScriptBuildPhase section */
		0E65AECAB6C64D25B3D22EF0 /* Check Pods Manifest.lock */ = {
			isa = PBXShellScriptBuildPhase;
			buildActionMask = 2147483647;
			files = (
			);
			inputPaths = (
			);
			name = "Check Pods Manifest.lock";
			outputPaths = (
			);
			runOnlyForDeploymentPostprocessing = 0;
			shellPath = /bin/sh;
			shellScript = "diff \"${PODS_ROOT}/../Podfile.lock\" \"${PODS_ROOT}/Manifest.lock\" > /dev/null\nif [[ $? != 0 ]] ; then\n    cat << EOM\nerror: The sandbox is not in sync with the Podfile.lock. Run 'pod install' or update your CocoaPods installation.\nEOM\n    exit 1\nfi\n";
			showEnvVarsInLog = 0;
		};
		4BDB33488019418DBB56D9BA /* Copy Pods Resources */ = {
			isa = PBXShellScriptBuildPhase;
			buildActionMask = 2147483647;
			files = (
			);
			inputPaths = (
			);
			name = "Copy Pods Resources";
			outputPaths = (
			);
			runOnlyForDeploymentPostprocessing = 0;
			shellPath = /bin/sh;
			shellScript = "\"${SRCROOT}/Pods/Pods-resources.sh\"\n";
			showEnvVarsInLog = 0;
		};
/* End PBXShellScriptBuildPhase section */

/* Begin PBXSourcesBuildPhase section */
		8126879C19202666002A0571 /* Sources */ = {
			isa = PBXSourcesBuildPhase;
			buildActionMask = 2147483647;
			files = (
				810022721924E01C0025273D /* RCApplicationPreferences.m in Sources */,
				815BDA451926278600E518E9 /* RCArrowAnimation.m in Sources */,
				81CD62F01921093C005A82A4 /* RCRouterProxy.m in Sources */,
				81581AD0192645C200289DD5 /* RCViewController.m in Sources */,
				815BDA3B19261E6600E518E9 /* RCStatusBarView.m in Sources */,
				810022771924E09A0025273D /* RCPreferences.m in Sources */,
				8194CC231922108F00759F92 /* RCRouterEchoTask.m in Sources */,
				81BBC38C1928A54A00752016 /* RCBorderlessPanel.m in Sources */,
				81BBC3911928B68900752016 /* RCAttachedWindowController.m in Sources */,
				8194CC1E1922085300759F92 /* RCRouterTaskManager.m in Sources */,
				8100229519255FC60025273D /* RCLoginItemManager.m in Sources */,
				8194CC1B1921825C00759F92 /* RCRouterInfoTask.m in Sources */,
				8194CC071921715B00759F92 /* RCLogFormatter.m in Sources */,
				8194CC1819217F1900759F92 /* RCTask.m in Sources */,
				815BDA441926278600E518E9 /* RCArrowPanel.m in Sources */,
				8100228C1924F77F0025273D /* RCToolbar.m in Sources */,
				810022821924EF6F0025273D /* RCPrefsGeneralViewController.m in Sources */,
				81581ACA19263E1900289DD5 /* RCNetworkStatusViewController.m in Sources */,
				8194CC26192256FB00759F92 /* RCRouterInfo.m in Sources */,
				814F92F81926ADF100635B1C /* RCMainBackgroundView.m in Sources */,
				812687B019202666002A0571 /* main.m in Sources */,
				81FFF3E21927FB4200D18156 /* RCGraphTextField.m in Sources */,
				810022811924EF6F0025273D /* RCPrefsBaseViewController.m in Sources */,
				81CD62E61920FB2F005A82A4 /* RCRouterManager.m in Sources */,
				8100227C1924EF680025273D /* RCPreferencesWindowController.m in Sources */,
				814F92FB1926B5EE00635B1C /* RCContentView.m in Sources */,
				81CD62E31920FB22005A82A4 /* RCRouter.m in Sources */,
				812687B719202666002A0571 /* RCAppDelegate.m in Sources */,
				815AAE5E1928D6060057C123 /* RCAttachedWindow.m in Sources */,
				815AAE621928F2EA0057C123 /* RCMainWindowController.m in Sources */,
				815AAE6E1929020A0057C123 /* RCContextSwitchButtonCell.m in Sources */,
				81CD62EA1920FB57005A82A4 /* RCSessionConfig.m in Sources */,
				815AAE691928F88B0057C123 /* RCMainViewController.m in Sources */,
				8194CC011921518200759F92 /* RCJsonRpcClient.m in Sources */,
				81BBC3941928BCDD00752016 /* RCAttachedPanelBackgroundView.m in Sources */,
			);
			runOnlyForDeploymentPostprocessing = 0;
		};
		812687BD19202666002A0571 /* Sources */ = {
			isa = PBXSourcesBuildPhase;
			buildActionMask = 2147483647;
			files = (
				812687CE19202666002A0571 /* I2PRemoteControlTests.m in Sources */,
				81E99BBB1924059B00D7B1B0 /* RCRouterOverviewViewControllerTest.m in Sources */,
			);
			runOnlyForDeploymentPostprocessing = 0;
		};
/* End PBXSourcesBuildPhase section */

/* Begin PBXTargetDependency section */
		812687C619202666002A0571 /* PBXTargetDependency */ = {
			isa = PBXTargetDependency;
			target = 8126879F19202666002A0571 /* I2PRemoteControl */;
			targetProxy = 812687C519202666002A0571 /* PBXContainerItemProxy */;
		};
/* End PBXTargetDependency section */

/* Begin PBXVariantGroup section */
		812687CA19202666002A0571 /* InfoPlist.strings */ = {
			isa = PBXVariantGroup;
			children = (
				812687CB19202666002A0571 /* en */,
			);
			name = InfoPlist.strings;
			sourceTree = "<group>";
		};
		812687DC19202851002A0571 /* MainMenu.xib */ = {
			isa = PBXVariantGroup;
			children = (
				812687DB19202851002A0571 /* Base */,
			);
			name = MainMenu.xib;
			sourceTree = "<group>";
		};
		812687E31920287B002A0571 /* Credits.rtf */ = {
			isa = PBXVariantGroup;
			children = (
				812687E21920287B002A0571 /* en */,
			);
			name = Credits.rtf;
			sourceTree = "<group>";
		};
		812687E61920287F002A0571 /* InfoPlist.strings */ = {
			isa = PBXVariantGroup;
			children = (
				812687E51920287F002A0571 /* en */,
			);
			name = InfoPlist.strings;
			sourceTree = "<group>";
		};
		81EC34811922B4040011D2D8 /* Localizable.strings */ = {
			isa = PBXVariantGroup;
			children = (
				81EC34801922B4040011D2D8 /* en */,
			);
			name = Localizable.strings;
			sourceTree = "<group>";
		};
/* End PBXVariantGroup section */

/* Begin XCBuildConfiguration section */
		812687CF19202666002A0571 /* Debug */ = {
			isa = XCBuildConfiguration;
			buildSettings = {
				ALWAYS_SEARCH_USER_PATHS = NO;
				CLANG_CXX_LANGUAGE_STANDARD = "gnu++0x";
				CLANG_CXX_LIBRARY = "libc++";
				CLANG_ENABLE_MODULES = YES;
				CLANG_ENABLE_OBJC_ARC = YES;
				CLANG_WARN_BOOL_CONVERSION = YES;
				CLANG_WARN_CONSTANT_CONVERSION = YES;
				CLANG_WARN_DIRECT_OBJC_ISA_USAGE = YES_ERROR;
				CLANG_WARN_EMPTY_BODY = YES;
				CLANG_WARN_ENUM_CONVERSION = YES;
				CLANG_WARN_INT_CONVERSION = YES;
				CLANG_WARN_OBJC_ROOT_CLASS = YES_ERROR;
				CLANG_WARN__DUPLICATE_METHOD_MATCH = YES;
				COPY_PHASE_STRIP = NO;
				GCC_C_LANGUAGE_STANDARD = gnu99;
				GCC_DYNAMIC_NO_PIC = NO;
				GCC_ENABLE_OBJC_EXCEPTIONS = YES;
				GCC_OPTIMIZATION_LEVEL = 0;
				GCC_PREPROCESSOR_DEFINITIONS = (
					"DEBUG=1",
					"$(inherited)",
				);
				GCC_SYMBOLS_PRIVATE_EXTERN = NO;
				GCC_WARN_64_TO_32_BIT_CONVERSION = YES;
				GCC_WARN_ABOUT_RETURN_TYPE = YES_ERROR;
				GCC_WARN_UNDECLARED_SELECTOR = YES;
				GCC_WARN_UNINITIALIZED_AUTOS = YES_AGGRESSIVE;
				GCC_WARN_UNUSED_FUNCTION = YES;
				GCC_WARN_UNUSED_VARIABLE = YES;
				MACOSX_DEPLOYMENT_TARGET = 10.9;
				ONLY_ACTIVE_ARCH = YES;
				SDKROOT = macosx;
			};
			name = Debug;
		};
		812687D019202666002A0571 /* Release */ = {
			isa = XCBuildConfiguration;
			buildSettings = {
				ALWAYS_SEARCH_USER_PATHS = NO;
				CLANG_CXX_LANGUAGE_STANDARD = "gnu++0x";
				CLANG_CXX_LIBRARY = "libc++";
				CLANG_ENABLE_MODULES = YES;
				CLANG_ENABLE_OBJC_ARC = YES;
				CLANG_WARN_BOOL_CONVERSION = YES;
				CLANG_WARN_CONSTANT_CONVERSION = YES;
				CLANG_WARN_DIRECT_OBJC_ISA_USAGE = YES_ERROR;
				CLANG_WARN_EMPTY_BODY = YES;
				CLANG_WARN_ENUM_CONVERSION = YES;
				CLANG_WARN_INT_CONVERSION = YES;
				CLANG_WARN_OBJC_ROOT_CLASS = YES_ERROR;
				CLANG_WARN__DUPLICATE_METHOD_MATCH = YES;
				COPY_PHASE_STRIP = YES;
				DEBUG_INFORMATION_FORMAT = "dwarf-with-dsym";
				ENABLE_NS_ASSERTIONS = NO;
				GCC_C_LANGUAGE_STANDARD = gnu99;
				GCC_ENABLE_OBJC_EXCEPTIONS = YES;
				GCC_WARN_64_TO_32_BIT_CONVERSION = YES;
				GCC_WARN_ABOUT_RETURN_TYPE = YES_ERROR;
				GCC_WARN_UNDECLARED_SELECTOR = YES;
				GCC_WARN_UNINITIALIZED_AUTOS = YES_AGGRESSIVE;
				GCC_WARN_UNUSED_FUNCTION = YES;
				GCC_WARN_UNUSED_VARIABLE = YES;
				MACOSX_DEPLOYMENT_TARGET = 10.9;
				SDKROOT = macosx;
			};
			name = Release;
		};
		812687D219202666002A0571 /* Debug */ = {
			isa = XCBuildConfiguration;
			baseConfigurationReference = 7E66771DF77A44D9B85C57C5 /* Pods.xcconfig */;
			buildSettings = {
				ASSETCATALOG_COMPILER_APPICON_NAME = AppIcon;
				COMBINE_HIDPI_IMAGES = YES;
				GCC_PRECOMPILE_PREFIX_HEADER = YES;
				GCC_PREFIX_HEADER = "I2PRemoteControl/Supporting Files/I2PRemoteControl-Prefix.pch";
				INFOPLIST_FILE = "I2PRemoteControl/Supporting Files/I2PRemoteControl-Info.plist";
				PRODUCT_NAME = "$(TARGET_NAME)";
				WRAPPER_EXTENSION = app;
			};
			name = Debug;
		};
		812687D319202666002A0571 /* Release */ = {
			isa = XCBuildConfiguration;
			baseConfigurationReference = 7E66771DF77A44D9B85C57C5 /* Pods.xcconfig */;
			buildSettings = {
				ASSETCATALOG_COMPILER_APPICON_NAME = AppIcon;
				COMBINE_HIDPI_IMAGES = YES;
				GCC_PRECOMPILE_PREFIX_HEADER = YES;
				GCC_PREFIX_HEADER = "I2PRemoteControl/Supporting Files/I2PRemoteControl-Prefix.pch";
				INFOPLIST_FILE = "I2PRemoteControl/Supporting Files/I2PRemoteControl-Info.plist";
				PRODUCT_NAME = "$(TARGET_NAME)";
				WRAPPER_EXTENSION = app;
			};
			name = Release;
		};
		812687D519202666002A0571 /* Debug */ = {
			isa = XCBuildConfiguration;
			baseConfigurationReference = 7E66771DF77A44D9B85C57C5 /* Pods.xcconfig */;
			buildSettings = {
				BUNDLE_LOADER = "$(BUILT_PRODUCTS_DIR)/I2PRemoteControl.app/Contents/MacOS/I2PRemoteControl";
				COMBINE_HIDPI_IMAGES = YES;
				FRAMEWORK_SEARCH_PATHS = (
					"$(DEVELOPER_FRAMEWORKS_DIR)",
					"$(inherited)",
				);
				GCC_PRECOMPILE_PREFIX_HEADER = YES;
				GCC_PREFIX_HEADER = "I2PRemoteControl/Supporting Files/I2PRemoteControl-Prefix.pch";
				GCC_PREPROCESSOR_DEFINITIONS = (
					"DEBUG=1",
					"$(inherited)",
				);
				INFOPLIST_FILE = "I2PRemoteControlTests/I2PRemoteControlTests-Info.plist";
				PRODUCT_NAME = "$(TARGET_NAME)";
				TEST_HOST = "$(BUNDLE_LOADER)";
				WRAPPER_EXTENSION = xctest;
			};
			name = Debug;
		};
		812687D619202666002A0571 /* Release */ = {
			isa = XCBuildConfiguration;
			buildSettings = {
				BUNDLE_LOADER = "$(BUILT_PRODUCTS_DIR)/I2PRemoteControl.app/Contents/MacOS/I2PRemoteControl";
				COMBINE_HIDPI_IMAGES = YES;
				FRAMEWORK_SEARCH_PATHS = (
					"$(DEVELOPER_FRAMEWORKS_DIR)",
					"$(inherited)",
				);
				GCC_PRECOMPILE_PREFIX_HEADER = YES;
				GCC_PREFIX_HEADER = "I2PRemoteControl/Supporting Files/I2PRemoteControl-Prefix.pch";
				INFOPLIST_FILE = "I2PRemoteControlTests/I2PRemoteControlTests-Info.plist";
				PRODUCT_NAME = "$(TARGET_NAME)";
				TEST_HOST = "$(BUNDLE_LOADER)";
				WRAPPER_EXTENSION = xctest;
			};
			name = Release;
		};
/* End XCBuildConfiguration section */

/* Begin XCConfigurationList section */
		8126879B19202666002A0571 /* Build configuration list for PBXProject "I2PRemoteControl" */ = {
			isa = XCConfigurationList;
			buildConfigurations = (
				812687CF19202666002A0571 /* Debug */,
				812687D019202666002A0571 /* Release */,
			);
			defaultConfigurationIsVisible = 0;
			defaultConfigurationName = Release;
		};
		812687D119202666002A0571 /* Build configuration list for PBXNativeTarget "I2PRemoteControl" */ = {
			isa = XCConfigurationList;
			buildConfigurations = (
				812687D219202666002A0571 /* Debug */,
				812687D319202666002A0571 /* Release */,
			);
			defaultConfigurationIsVisible = 0;
			defaultConfigurationName = Release;
		};
		812687D419202666002A0571 /* Build configuration list for PBXNativeTarget "I2PRemoteControlTests" */ = {
			isa = XCConfigurationList;
			buildConfigurations = (
				812687D519202666002A0571 /* Debug */,
				812687D619202666002A0571 /* Release */,
			);
			defaultConfigurationIsVisible = 0;
			defaultConfigurationName = Release;
		};
/* End XCConfigurationList section */
	};
	rootObject = 8126879819202666002A0571 /* Project object */;
}
